
Microsoft Visual Studio Solution File, Format Version 12.00
# Visual Studio Version 17
VisualStudioVersion = 17.5.33627.172
MinimumVisualStudioVersion = 10.0.40219.1
Project("{FAE04EC0-301F-11D3-BF4B-00C04F79EFBC}") = "AspDotNetCore-Structured-Logging-SeriLog", "AspDotNetCore-Structured-Logging-SeriLog\AspDotNetCore-Structured-Logging-SeriLog.csproj", "{4E25500C-1506-42B1-B6D9-C6C5A4884141}"
EndProject
Global
	GlobalSection(SolutionConfigurationPlatforms) = preSolution
		Debug|Any CPU = Debug|Any CPU
		Release|Any CPU = Release|Any CPU
	EndGlobalSection
	GlobalSection(ProjectConfigurationPlatforms) = postSolution
		{4E25500C-1506-42B1-B6D9-C6C5A4884141}.Debug|Any CPU.ActiveCfg = Debug|Any CPU
		{4E25500C-1506-42B1-B6D9-C6C5A4884141}.Debug|Any CPU.Build.0 = Debug|Any CPU
		{4E25500C-1506-42B1-B6D9-C6C5A4884141}.Release|Any CPU.ActiveCfg = Release|Any CPU
		{4E25500C-1506-42B1-B6D9-C6C5A4884141}.Release|Any CPU.Build.0 = Release|Any CPU
	EndGlobalSection
	GlobalSection(SolutionProperties) = preSolution
		HideSolutionNode = FALSE
	EndGlobalSection
	GlobalSection(ExtensibilityGlobals) = postSolution
		SolutionGuid = {B1E39DF1-3C02-4640-A2AF-AC8C98B956E0}
	EndGlobalSection
EndGlobal
